PODS:
  - GZAdMobSDK (1.0)
  - Kiwi (2.4.0)

DEPENDENCIES:
  - GZAdMobSDK (from `../`)
  - Kiwi

EXTERNAL SOURCES:
  GZAdMobSDK:
    :path: "../"

SPEC CHECKSUMS:
  GZAdMobSDK: b88bc47642e87891ecfc750f99c3226320f3c563
  Kiwi: f49c9d54b28917df5928fe44968a39ed198cb8a8

PODFILE CHECKSUM: c0fd9d6654654045ef1f14bcb979061f650cc801

COCOAPODS: 1.2.0.beta.1
